
Microsoft Visual Studio Solution File, Format Version 12.00
# Visual Studio Version 17
VisualStudioVersion = 17.9.34607.119
MinimumVisualStudioVersion = 10.0.40219.1
Project("{9A19103F-16F7-4668-BE54-9A1E7A4F7556}") = "DataBase", "src\DataBase\DataBase.csproj", "{D59AB076-2E31-4BE8-99EE-F527AF155DCC}"
EndProject
Project("{9A19103F-16F7-4668-BE54-9A1E7A4F7556}") = "Domain", "src\Domain\Domain.csproj", "{772D4A02-9D55-45ED-9A8B-6D8D2BCC7FBA}"
EndProject
Project("{9A19103F-16F7-4668-BE54-9A1E7A4F7556}") = "Api", "src\Api\Api.csproj", "{7BEA266A-4586-4596-868D-AC70F1B37D25}"
EndProject
Global
	GlobalSection(SolutionConfigurationPlatforms) = preSolution
		Debug|Any CPU = Debug|Any CPU
		Release|Any CPU = Release|Any CPU
	EndGlobalSection
	GlobalSection(ProjectConfigurationPlatforms) = postSolution
		{D59AB076-2E31-4BE8-99EE-F527AF155DCC}.Debug|Any CPU.ActiveCfg = Debug|Any CPU
		{D59AB076-2E31-4BE8-99EE-F527AF155DCC}.Debug|Any CPU.Build.0 = Debug|Any CPU
		{D59AB076-2E31-4BE8-99EE-F527AF155DCC}.Release|Any CPU.ActiveCfg = Release|Any CPU
		{D59AB076-2E31-4BE8-99EE-F527AF155DCC}.Release|Any CPU.Build.0 = Release|Any CPU
		{772D4A02-9D55-45ED-9A8B-6D8D2BCC7FBA}.Debug|Any CPU.ActiveCfg = Debug|Any CPU
		{772D4A02-9D55-45ED-9A8B-6D8D2BCC7FBA}.Debug|Any CPU.Build.0 = Debug|Any CPU
		{772D4A02-9D55-45ED-9A8B-6D8D2BCC7FBA}.Release|Any CPU.ActiveCfg = Release|Any CPU
		{772D4A02-9D55-45ED-9A8B-6D8D2BCC7FBA}.Release|Any CPU.Build.0 = Release|Any CPU
		{7BEA266A-4586-4596-868D-AC70F1B37D25}.Debug|Any CPU.ActiveCfg = Debug|Any CPU
		{7BEA266A-4586-4596-868D-AC70F1B37D25}.Debug|Any CPU.Build.0 = Debug|Any CPU
		{7BEA266A-4586-4596-868D-AC70F1B37D25}.Release|Any CPU.ActiveCfg = Release|Any CPU
		{7BEA266A-4586-4596-868D-AC70F1B37D25}.Release|Any CPU.Build.0 = Release|Any CPU
	EndGlobalSection
	GlobalSection(SolutionProperties) = preSolution
		HideSolutionNode = FALSE
	EndGlobalSection
	GlobalSection(ExtensibilityGlobals) = postSolution
		SolutionGuid = {7EBD7D07-BDD0-4403-B0EA-1B9CED355869}
	EndGlobalSection
EndGlobal
